// !$*UTF8*$!
{
	archiveVersion = 1;
	classes = {
	};
	objectVersion = 55;
	objects = {

/* Begin PBXBuildFile section */
		8419DA88287F4AFD00CF246C /* ContactSwiftUIApp.swift in Sources */ = {isa = PBXBuildFile; fileRef = 8419DA87287F4AFD00CF246C /* ContactSwiftUIApp.swift */; };
		8419DA8A287F4AFD00CF246C /* ContentListView.swift in Sources */ = {isa = PBXBuildFile; fileRef = 8419DA89287F4AFD00CF246C /* ContentListView.swift */; };
		8419DA8C287F4B0000CF246C /* Assets.xcassets in Resources */ = {isa = PBXBuildFile; fileRef = 8419DA8B287F4B0000CF246C /* Assets.xcassets */; };
		8419DA8F287F4B0000CF246C /* Preview Assets.xcassets in Resources */ = {isa = PBXBuildFile; fileRef = 8419DA8E287F4B0000CF246C /* Preview Assets.xcassets */; };
		8419DA91287F4B0000CF246C /* Persistence.swift in Sources */ = {isa = PBXBuildFile; fileRef = 8419DA90287F4B0000CF246C /* Persistence.swift */; };
		8419DA94287F4B0000CF246C /* ContactSwiftUI.xcdatamodeld in Sources */ = {isa = PBXBuildFile; fileRef = 8419DA92287F4B0000CF246C /* ContactSwiftUI.xcdatamodeld */; };
		84B91644288131C80048EC09 /* AddContactView.swift in Sources */ = {isa = PBXBuildFile; fileRef = 84B91643288131C80048EC09 /* AddContactView.swift */; };
		84B916462881401F0048EC09 /* UpdateContactView.swift in Sources */ = {isa = PBXBuildFile; fileRef = 84B916452881401F0048EC09 /* UpdateContactView.swift */; };
		84B91649288141330048EC09 /* ContactDetailsView.swift in Sources */ = {isa = PBXBuildFile; fileRef = 84B91648288141330048EC09 /* ContactDetailsView.swift */; };
		84B9164C288151FD0048EC09 /* Data.swift in Sources */ = {isa = PBXBuildFile; fileRef = 84B9164B288151FD0048EC09 /* Data.swift */; };
		84B9164E2881524E0048EC09 /* Repository.swift in Sources */ = {isa = PBXBuildFile; fileRef = 84B9164D2881524E0048EC09 /* Repository.swift */; };
/* End PBXBuildFile section */

/* Begin PBXFileReference section */
		8419DA84287F4AFD00CF246C /* ContactSwiftUI.app */ = {isa = PBXFileReference; explicitFileType = wrapper.application; includeInIndex = 0; path = ContactSwiftUI.app; sourceTree = BUILT_PRODUCTS_DIR; };
		8419DA87287F4AFD00CF246C /* ContactSwiftUIApp.swift */ = {isa = PBXFileReference; lastKnownFileType = sourcecode.swift; path = ContactSwiftUIApp.swift; sourceTree = "<group>"; };
		8419DA89287F4AFD00CF246C /* ContentListView.swift */ = {isa = PBXFileReference; lastKnownFileType = sourcecode.swift; path = ContentListView.swift; sourceTree = "<group>"; };
		8419DA8B287F4B0000CF246C /* Assets.xcassets */ = {isa = PBXFileReference; lastKnownFileType = folder.assetcatalog; path = Assets.xcassets; sourceTree = "<group>"; };
		8419DA8E287F4B0000CF246C /* Preview Assets.xcassets */ = {isa = PBXFileReference; lastKnownFileType = folder.assetcatalog; path = "Preview Assets.xcassets"; sourceTree = "<group>"; };
		8419DA90287F4B0000CF246C /* Persistence.swift */ = {isa = PBXFileReference; lastKnownFileType = sourcecode.swift; path = Persistence.swift; sourceTree = "<group>"; };
		8419DA93287F4B0000CF246C /* ContactSwiftUI.xcdatamodel */ = {isa = PBXFileReference; lastKnownFileType = wrapper.xcdatamodel; path = ContactSwiftUI.xcdatamodel; sourceTree = "<group>"; };
		84B91643288131C80048EC09 /* AddContactView.swift */ = {isa = PBXFileReference; lastKnownFileType = sourcecode.swift; path = AddContactView.swift; sourceTree = "<group>"; };
		84B916452881401F0048EC09 /* UpdateContactView.swift */ = {isa = PBXFileReference; lastKnownFileType = sourcecode.swift; path = UpdateContactView.swift; sourceTree = "<group>"; };
		84B91648288141330048EC09 /* ContactDetailsView.swift */ = {isa = PBXFileReference; lastKnownFileType = sourcecode.swift; path = ContactDetailsView.swift; sourceTree = "<group>"; };
		84B9164B288151FD0048EC09 /* Data.swift */ = {isa = PBXFileReference; lastKnownFileType = sourcecode.swift; path = Data.swift; sourceTree = "<group>"; };
		84B9164D2881524E0048EC09 /* Repository.swift */ = {isa = PBXFileReference; lastKnownFileType = sourcecode.swift; path = Repository.swift; sourceTree = "<group>"; };
/* End PBXFileReference section */

/* Begin PBXFrameworksBuildPhase section */
		8419DA81287F4AFD00CF246C /* Frameworks */ = {
			isa = PBXFrameworksBuildPhase;
			buildActionMask = 2147483647;
			files = (
			);
			runOnlyForDeploymentPostprocessing = 0;
		};
/* End PBXFrameworksBuildPhase section */

/* Begin PBXGroup section */
		8419DA7B287F4AFC00CF246C = {
			isa = PBXGroup;
			children = (
				8419DA86287F4AFD00CF246C /* ContactSwiftUI */,
				8419DA85287F4AFD00CF246C /* Products */,
			);
			sourceTree = "<group>";
		};
		8419DA85287F4AFD00CF246C /* Products */ = {
			isa = PBXGroup;
			children = (
				8419DA84287F4AFD00CF246C /* ContactSwiftUI.app */,
			);
			name = Products;
			sourceTree = "<group>";
		};
		8419DA86287F4AFD00CF246C /* ContactSwiftUI */ = {
			isa = PBXGroup;
			children = (
				84B9164A288151EF0048EC09 /* model */,
				84B91647288140290048EC09 /* ui */,
				8419DA87287F4AFD00CF246C /* ContactSwiftUIApp.swift */,
				8419DA8B287F4B0000CF246C /* Assets.xcassets */,
				8419DA90287F4B0000CF246C /* Persistence.swift */,
				8419DA92287F4B0000CF246C /* ContactSwiftUI.xcdatamodeld */,
				8419DA8D287F4B0000CF246C /* Preview Content */,
			);
			path = ContactSwiftUI;
			sourceTree = "<group>";
		};
		8419DA8D287F4B0000CF246C /* Preview Content */ = {
			isa = PBXGroup;
			children = (
				8419DA8E287F4B0000CF246C /* Preview Assets.xcassets */,
			);
			path = "Preview Content";
			sourceTree = "<group>";
		};
		84B91647288140290048EC09 /* ui */ = {
			isa = PBXGroup;
			children = (
				84B916452881401F0048EC09 /* UpdateContactView.swift */,
				8419DA89287F4AFD00CF246C /* ContentListView.swift */,
				84B91643288131C80048EC09 /* AddContactView.swift */,
				84B91648288141330048EC09 /* ContactDetailsView.swift */,
			);
			path = ui;
			sourceTree = "<group>";
		};
		84B9164A288151EF0048EC09 /* model */ = {
			isa = PBXGroup;
			children = (
				84B9164B288151FD0048EC09 /* Data.swift */,
				84B9164D2881524E0048EC09 /* Repository.swift */,
			);
			path = model;
			sourceTree = "<group>";
		};
/* End PBXGroup section */

/* Begin PBXNativeTarget section */
		8419DA83287F4AFD00CF246C /* ContactSwiftUI */ = {
			isa = PBXNativeTarget;
			buildConfigurationList = 8419DA97287F4B0000CF246C /* Build configuration list for PBXNativeTarget "ContactSwiftUI" */;
			buildPhases = (
				8419DA80287F4AFD00CF246C /* Sources */,
				8419DA81287F4AFD00CF246C /* Frameworks */,
				8419DA82287F4AFD00CF246C /* Resources */,
			);
			buildRules = (
			);
			dependencies = (
			);
			name = ContactSwiftUI;
			productName = ContactSwiftUI;
			productReference = 8419DA84287F4AFD00CF246C /* ContactSwiftUI.app */;
			productType = "com.apple.product-type.application";
		};
/* End PBXNativeTarget section */

/* Begin PBXProject section */
		8419DA7C287F4AFC00CF246C /* Project object */ = {
			isa = PBXProject;
			attributes = {
				BuildIndependentTargetsInParallel = 1;
				LastSwiftUpdateCheck = 1320;
				LastUpgradeCheck = 1320;
				TargetAttributes = {
					8419DA83287F4AFD00CF246C = {
						CreatedOnToolsVersion = 13.2.1;
					};
				};
			};
			buildConfigurationList = 8419DA7F287F4AFC00CF246C /* Build configuration list for PBXProject "ContactSwiftUI" */;
			compatibilityVersion = "Xcode 13.0";
			developmentRegion = en;
			hasScannedForEncodings = 0;
			knownRegions = (
				en,
				Base,
			);
			mainGroup = 8419DA7B287F4AFC00CF246C;
			productRefGroup = 8419DA85287F4AFD00CF246C /* Products */;
			projectDirPath = "";
			projectRoot = "";
			targets = (
				8419DA83287F4AFD00CF246C /* ContactSwiftUI */,
			);
		};
/* End PBXProject section */

/* Begin PBXResourcesBuildPhase section */
		8419DA82287F4AFD00CF246C /* Resources */ = {
			isa = PBXResourcesBuildPhase;
			buildActionMask = 2147483647;
			files = (
				8419DA8F287F4B0000CF246C /* Preview Assets.xcassets in Resources */,
				8419DA8C287F4B0000CF246C /* Assets.xcassets in Resources */,
			);
			runOnlyForDeploymentPostprocessing = 0;
		};
/* End PBXResourcesBuildPhase section */

/* Begin PBXSourcesBuildPhase section */
		8419DA80287F4AFD00CF246C /* Sources */ = {
			isa = PBXSourcesBuildPhase;
			buildActionMask = 2147483647;
			files = (
				84B916462881401F0048EC09 /* UpdateContactView.swift in Sources */,
				8419DA91287F4B0000CF246C /* Persistence.swift in Sources */,
				84B91644288131C80048EC09 /* AddContactView.swift in Sources */,
				84B91649288141330048EC09 /* ContactDetailsView.swift in Sources */,
				8419DA8A287F4AFD00CF246C /* ContentListView.swift in Sources */,
				8419DA94287F4B0000CF246C /* ContactSwiftUI.xcdatamodeld in Sources */,
				8419DA88287F4AFD00CF246C /* ContactSwiftUIApp.swift in Sources */,
				84B9164C288151FD0048EC09 /* Data.swift in Sources */,
				84B9164E2881524E0048EC09 /* Repository.swift in Sources */,
			);
			runOnlyForDeploymentPostprocessing = 0;
		};
/* End PBXSourcesBuildPhase section */

/* Begin XCBuildConfiguration section */
		8419DA95287F4B0000CF246C /* Debug */ = {
			isa = XCBuildConfiguration;
			buildSettings = {
				ALWAYS_SEARCH_USER_PATHS = NO;
				CLANG_ANALYZER_NONNULL = YES;
				CLANG_ANALYZER_NUMBER_OBJECT_CONVERSION = YES_AGGRESSIVE;
				CLANG_CXX_LANGUAGE_STANDARD = "gnu++17";
				CLANG_CXX_LIBRARY = "libc++";
				CLANG_ENABLE_MODULES = YES;
				CLANG_ENABLE_OBJC_ARC = YES;
				CLANG_ENABLE_OBJC_WEAK = YES;
				CLANG_WARN_BLOCK_CAPTURE_AUTORELEASING = YES;
				CLANG_WARN_BOOL_CONVERSION = YES;
				CLANG_WARN_COMMA = YES;
				CLANG_WARN_CONSTANT_CONVERSION = YES;
				CLANG_WARN_DEPRECATED_OBJC_IMPLEMENTATIONS = YES;
				CLANG_WARN_DIRECT_OBJC_ISA_USAGE = YES_ERROR;
				CLANG_WARN_DOCUMENTATION_COMMENTS = YES;
				CLANG_WARN_EMPTY_BODY = YES;
				CLANG_WARN_ENUM_CONVERSION = YES;
				CLANG_WARN_INFINITE_RECURSION = YES;
				CLANG_WARN_INT_CONVERSION = YES;
				CLANG_WARN_NON_LITERAL_NULL_CONVERSION = YES;
				CLANG_WARN_OBJC_IMPLICIT_RETAIN_SELF = YES;
				CLANG_WARN_OBJC_LITERAL_CONVERSION = YES;
				CLANG_WARN_OBJC_ROOT_CLASS = YES_ERROR;
				CLANG_WARN_QUOTED_INCLUDE_IN_FRAMEWORK_HEADER = YES;
				CLANG_WARN_RANGE_LOOP_ANALYSIS = YES;
				CLANG_WARN_STRICT_PROTOTYPES = YES;
				CLANG_WARN_SUSPICIOUS_MOVE = YES;
				CLANG_WARN_UNGUARDED_AVAILABILITY = YES_AGGRESSIVE;
				CLANG_WARN_UNREACHABLE_CODE = YES;
				CLANG_WARN__DUPLICATE_METHOD_MATCH = YES;
				COPY_PHASE_STRIP = NO;
				DEBUG_INFORMATION_FORMAT = dwarf;
				ENABLE_STRICT_OBJC_MSGSEND = YES;
				ENABLE_TESTABILITY = YES;
				GCC_C_LANGUAGE_STANDARD = gnu11;
				GCC_DYNAMIC_NO_PIC = NO;
				GCC_NO_COMMON_BLOCKS = YES;
				GCC_OPTIMIZATION_LEVEL = 0;
				GCC_PREPROCESSOR_DEFINITIONS = (
					"DEBUG=1",
					"$(inherited)",
				);
				GCC_WARN_64_TO_32_BIT_CONVERSION = YES;
				GCC_WARN_ABOUT_RETURN_TYPE = YES_ERROR;
				GCC_WARN_UNDECLARED_SELECTOR = YES;
				GCC_WARN_UNINITIALIZED_AUTOS = YES_AGGRESSIVE;
				GCC_WARN_UNUSED_FUNCTION = YES;
				GCC_WARN_UNUSED_VARIABLE = YES;
				IPHONEOS_DEPLOYMENT_TARGET = 15.2;
				MTL_ENABLE_DEBUG_INFO = INCLUDE_SOURCE;
				MTL_FAST_MATH = YES;
				ONLY_ACTIVE_ARCH = YES;
				SDKROOT = iphoneos;
				SWIFT_ACTIVE_COMPILATION_CONDITIONS = DEBUG;
				SWIFT_OPTIMIZATION_LEVEL = "-Onone";
			};
			name = Debug;
		};
		8419DA96287F4B0000CF246C /* Release */ = {
			isa = XCBuildConfiguration;
			buildSettings = {
				ALWAYS_SEARCH_USER_PATHS = NO;
				CLANG_ANALYZER_NONNULL = YES;
				CLANG_ANALYZER_NUMBER_OBJECT_CONVERSION = YES_AGGRESSIVE;
				CLANG_CXX_LANGUAGE_STANDARD = "gnu++17";
				CLANG_CXX_LIBRARY = "libc++";
				CLANG_ENABLE_MODULES = YES;
				CLANG_ENABLE_OBJC_ARC = YES;
				CLANG_ENABLE_OBJC_WEAK = YES;
				CLANG_WARN_BLOCK_CAPTURE_AUTORELEASING = YES;
				CLANG_WARN_BOOL_CONVERSION = YES;
				CLANG_WARN_COMMA = YES;
				CLANG_WARN_CONSTANT_CONVERSION = YES;
				CLANG_WARN_DEPRECATED_OBJC_IMPLEMENTATIONS = YES;
				CLANG_WARN_DIRECT_OBJC_ISA_USAGE = YES_ERROR;
				CLANG_WARN_DOCUMENTATION_COMMENTS = YES;
				CLANG_WARN_EMPTY_BODY = YES;
				CLANG_WARN_ENUM_CONVERSION = YES;
				CLANG_WARN_INFINITE_RECURSION = YES;
				CLANG_WARN_INT_CONVERSION = YES;
				CLANG_WARN_NON_LITERAL_NULL_CONVERSION = YES;
				CLANG_WARN_OBJC_IMPLICIT_RETAIN_SELF = YES;
				CLANG_WARN_OBJC_LITERAL_CONVERSION = YES;
				CLANG_WARN_OBJC_ROOT_CLASS = YES_ERROR;
				CLANG_WARN_QUOTED_INCLUDE_IN_FRAMEWORK_HEADER = YES;
				CLANG_WARN_RANGE_LOOP_ANALYSIS = YES;
				CLANG_WARN_STRICT_PROTOTYPES = YES;
				CLANG_WARN_SUSPICIOUS_MOVE = YES;
				CLANG_WARN_UNGUARDED_AVAILABILITY = YES_AGGRESSIVE;
				CLANG_WARN_UNREACHABLE_CODE = YES;
				CLANG_WARN__DUPLICATE_METHOD_MATCH = YES;
				COPY_PHASE_STRIP = NO;
				DEBUG_INFORMATION_FORMAT = "dwarf-with-dsym";
				ENABLE_NS_ASSERTIONS = NO;
				ENABLE_STRICT_OBJC_MSGSEND = YES;
				GCC_C_LANGUAGE_STANDARD = gnu11;
				GCC_NO_COMMON_BLOCKS = YES;
				GCC_WARN_64_TO_32_BIT_CONVERSION = YES;
				GCC_WARN_ABOUT_RETURN_TYPE = YES_ERROR;
				GCC_WARN_UNDECLARED_SELECTOR = YES;
				GCC_WARN_UNINITIALIZED_AUTOS = YES_AGGRESSIVE;
				GCC_WARN_UNUSED_FUNCTION = YES;
				GCC_WARN_UNUSED_VARIABLE = YES;
				IPHONEOS_DEPLOYMENT_TARGET = 15.2;
				MTL_ENABLE_DEBUG_INFO = NO;
				MTL_FAST_MATH = YES;
				SDKROOT = iphoneos;
				SWIFT_COMPILATION_MODE = wholemodule;
				SWIFT_OPTIMIZATION_LEVEL = "-O";
				VALIDATE_PRODUCT = YES;
			};
			name = Release;
		};
		8419DA98287F4B0000CF246C /* Debug */ = {
			isa = XCBuildConfiguration;
			buildSettings = {
				ASSETCATALOG_COMPILER_APPICON_NAME = AppIcon;
				ASSETCATALOG_COMPILER_GLOBAL_ACCENT_COLOR_NAME = AccentColor;
				CODE_SIGN_STYLE = Automatic;
				CURRENT_PROJECT_VERSION = 1;
				DEVELOPMENT_ASSET_PATHS = "\"ContactSwiftUI/Preview Content\"";
				DEVELOPMENT_TEAM = P6PZVAFPL5;
				ENABLE_PREVIEWS = YES;
				GENERATE_INFOPLIST_FILE = YES;
				INFOPLIST_KEY_UIApplicationSceneManifest_Generation = YES;
				INFOPLIST_KEY_UIApplicationSupportsIndirectInputEvents = YES;
				INFOPLIST_KEY_UILaunchScreen_Generation = YES;
				INFOPLIST_KEY_UISupportedInterfaceOrientations_iPad = "UIInterfaceOrientationPortrait UIInterfaceOrientationPortraitUpsideDown UIInterfaceOrientationLandscapeLeft UIInterfaceOrientationLandscapeRight";
				INFOPLIST_KEY_UISupportedInterfaceOrientations_iPhone = "UIInterfaceOrientationPortrait UIInterfaceOrientationLandscapeLeft UIInterfaceOrientationLandscapeRight";
				LD_RUNPATH_SEARCH_PATHS = (
					"$(inherited)",
					"@executable_path/Frameworks",
				);
				MARKETING_VERSION = 1.0;
				PRODUCT_BUNDLE_IDENTIFIER = com.kcct.ContactSwiftUI;
				PRODUCT_NAME = "$(TARGET_NAME)";
				SWIFT_EMIT_LOC_STRINGS = YES;
				SWIFT_VERSION = 5.0;
				TARGETED_DEVICE_FAMILY = "1,2";
			};
			name = Debug;
		};
		8419DA99287F4B0000CF246C /* Release */ = {
			isa = XCBuildConfiguration;
			buildSettings = {
				ASSETCATALOG_COMPILER_APPICON_NAME = AppIcon;
				ASSETCATALOG_COMPILER_GLOBAL_ACCENT_COLOR_NAME = AccentColor;
				CODE_SIGN_STYLE = Automatic;
				CURRENT_PROJECT_VERSION = 1;
				DEVELOPMENT_ASSET_PATHS = "\"ContactSwiftUI/Preview Content\"";
				DEVELOPMENT_TEAM = P6PZVAFPL5;
				ENABLE_PREVIEWS = YES;
				GENERATE_INFOPLIST_FILE = YES;
				INFOPLIST_KEY_UIApplicationSceneManifest_Generation = YES;
				INFOPLIST_KEY_UIApplicationSupportsIndirectInputEvents = YES;
				INFOPLIST_KEY_UILaunchScreen_Generation = YES;
				INFOPLIST_KEY_UISupportedInterfaceOrientations_iPad = "UIInterfaceOrientationPortrait UIInterfaceOrientationPortraitUpsideDown UIInterfaceOrientationLandscapeLeft UIInterfaceOrientationLandscapeRight";
				INFOPLIST_KEY_UISupportedInterfaceOrientations_iPhone = "UIInterfaceOrientationPortrait UIInterfaceOrientationLandscapeLeft UIInterfaceOrientationLandscapeRight";
				LD_RUNPATH_SEARCH_PATHS = (
					"$(inherited)",
					"@executable_path/Frameworks",
				);
				MARKETING_VERSION = 1.0;
				PRODUCT_BUNDLE_IDENTIFIER = com.kcct.ContactSwiftUI;
				PRODUCT_NAME = "$(TARGET_NAME)";
				SWIFT_EMIT_LOC_STRINGS = YES;
				SWIFT_VERSION = 5.0;
				TARGETED_DEVICE_FAMILY = "1,2";
			};
			name = Release;
		};
/* End XCBuildConfiguration section */

/* Begin XCConfigurationList section */
		8419DA7F287F4AFC00CF246C /* Build configuration list for PBXProject "ContactSwiftUI" */ = {
			isa = XCConfigurationList;
			buildConfigurations = (
				8419DA95287F4B0000CF246C /* Debug */,
				8419DA96287F4B0000CF246C /* Release */,
			);
			defaultConfigurationIsVisible = 0;
			defaultConfigurationName = Release;
		};
		8419DA97287F4B0000CF246C /* Build configuration list for PBXNativeTarget "ContactSwiftUI" */ = {
			isa = XCConfigurationList;
			buildConfigurations = (
				8419DA98287F4B0000CF246C /* Debug */,
				8419DA99287F4B0000CF246C /* Release */,
			);
			defaultConfigurationIsVisible = 0;
			defaultConfigurationName = Release;
		};
/* End XCConfigurationList section */

/* Begin XCVersionGroup section */
		8419DA92287F4B0000CF246C /* ContactSwiftUI.xcdatamodeld */ = {
			isa = XCVersionGroup;
			children = (
				8419DA93287F4B0000CF246C /* ContactSwiftUI.xcdatamodel */,
			);
			currentVersion = 8419DA93287F4B0000CF246C /* ContactSwiftUI.xcdatamodel */;
			path = ContactSwiftUI.xcdatamodeld;
			sourceTree = "<group>";
			versionGroupType = wrapper.xcdatamodel;
		};
/* End XCVersionGroup section */
	};
	rootObject = 8419DA7C287F4AFC00CF246C /* Project object */;
}
